
Microsoft Visual Studio Solution File, Format Version 12.00
# Visual Studio 15
VisualStudioVersion = 15.0.28307.1267
MinimumVisualStudioVersion = 10.0.40219.1
Project("{FAE04EC0-301F-11D3-BF4B-00C04F79EFBC}") = "SysNet_Console", "SysNet_Console\SysNet_Console.csproj", "{FD858A82-4907-4916-9646-8CD652F064BA}"
EndProject
Global
	GlobalSection(SolutionConfigurationPlatforms) = preSolution
		Debug|Any CPU = Debug|Any CPU
		Release|Any CPU = Release|Any CPU
	EndGlobalSection
	GlobalSection(ProjectConfigurationPlatforms) = postSolution
		{FD858A82-4907-4916-9646-8CD652F064BA}.Debug|Any CPU.ActiveCfg = Debug|Any CPU
		{FD858A82-4907-4916-9646-8CD652F064BA}.Debug|Any CPU.Build.0 = Debug|Any CPU
		{FD858A82-4907-4916-9646-8CD652F064BA}.Release|Any CPU.ActiveCfg = Release|Any CPU
		{FD858A82-4907-4916-9646-8CD652F064BA}.Release|Any CPU.Build.0 = Release|Any CPU
	EndGlobalSection
	GlobalSection(SolutionProperties) = preSolution
		HideSolutionNode = FALSE
	EndGlobalSection
	GlobalSection(ExtensibilityGlobals) = postSolution
		SolutionGuid = {5598AFEF-5F8D-42AF-976E-B0836C068A98}
	EndGlobalSection
EndGlobal
